// !$*UTF8*$!
{
	archiveVersion = 1;
	classes = {
	};
	objectVersion = 55;
	objects = {

/* Begin PBXBuildFile section */
		77C0F41AE5E0BBA95F5C79CB /* Pods_ReserveNow.framework in Frameworks */ = {isa = PBXBuildFile; fileRef = DDE97FB4AA29F2285B173D65 /* Pods_ReserveNow.framework */; };
		F201D1802A6AC3AA009D848A /* ConnectionHandler.swift in Sources */ = {isa = PBXBuildFile; fileRef = F201D17F2A6AC3AA009D848A /* ConnectionHandler.swift */; };
		F201D1822A6AC3E0009D848A /* CacheHandler.swift in Sources */ = {isa = PBXBuildFile; fileRef = F201D1812A6AC3E0009D848A /* CacheHandler.swift */; };
		F201D1842A6AC40F009D848A /* CodeHelpers.swift in Sources */ = {isa = PBXBuildFile; fileRef = F201D1832A6AC40F009D848A /* CodeHelpers.swift */; };
		F201D1862A6AC4D7009D848A /* APIEnums.swift in Sources */ = {isa = PBXBuildFile; fileRef = F201D1852A6AC4D7009D848A /* APIEnums.swift */; };
		F201D1882A6AC520009D848A /* APIResponseProtocol.swift in Sources */ = {isa = PBXBuildFile; fileRef = F201D1872A6AC520009D848A /* APIResponseProtocol.swift */; };
		F201D18A2A6AC586009D848A /* Constants.swift in Sources */ = {isa = PBXBuildFile; fileRef = F201D1892A6AC586009D848A /* Constants.swift */; };
		F201D18C2A6AC5BA009D848A /* PlistReader.swift in Sources */ = {isa = PBXBuildFile; fileRef = F201D18B2A6AC5BA009D848A /* PlistReader.swift */; };
		F201D18E2A6AC5ED009D848A /* PlistKeys.swift in Sources */ = {isa = PBXBuildFile; fileRef = F201D18D2A6AC5ED009D848A /* PlistKeys.swift */; };
		F201D1902A6AC652009D848A /* APIResponseHandler.swift in Sources */ = {isa = PBXBuildFile; fileRef = F201D18F2A6AC652009D848A /* APIResponseHandler.swift */; };
		F201D1922A6AC7D4009D848A /* Extensions.swift in Sources */ = {isa = PBXBuildFile; fileRef = F201D1912A6AC7D4009D848A /* Extensions.swift */; };
		F2064D902AB33F1D0079BAAF /* GlobalUserDataModal.swift in Sources */ = {isa = PBXBuildFile; fileRef = F2064D8F2AB33F1D0079BAAF /* GlobalUserDataModal.swift */; };
		F2064D942AB343930079BAAF /* Codable + Extensions.swift in Sources */ = {isa = PBXBuildFile; fileRef = F2064D932AB343930079BAAF /* Codable + Extensions.swift */; };
		F21D25462A9F5D5900F4657B /* MenuVC.swift in Sources */ = {isa = PBXBuildFile; fileRef = F21D25452A9F5D5900F4657B /* MenuVC.swift */; };
		F21D25482A9F5DBA00F4657B /* MenuView.swift in Sources */ = {isa = PBXBuildFile; fileRef = F21D25472A9F5DBA00F4657B /* MenuView.swift */; };
		F21ECA2E2A78D38000B8ED40 /* MainTabBarVC.swift in Sources */ = {isa = PBXBuildFile; fileRef = F21ECA2D2A78D38000B8ED40 /* MainTabBarVC.swift */; };
		F21ECA302A78DB1C00B8ED40 /* TabBarItems.storyboard in Resources */ = {isa = PBXBuildFile; fileRef = F21ECA2F2A78DB1C00B8ED40 /* TabBarItems.storyboard */; };
		F21ECA332A78DD9800B8ED40 /* Language.swift in Sources */ = {isa = PBXBuildFile; fileRef = F21ECA322A78DD9800B8ED40 /* Language.swift */; };
		F21ECA352A78DDC100B8ED40 /* LanguageProtocol.swift in Sources */ = {isa = PBXBuildFile; fileRef = F21ECA342A78DDC100B8ED40 /* LanguageProtocol.swift */; };
		F21ECA372A78DE1900B8ED40 /* English.swift in Sources */ = {isa = PBXBuildFile; fileRef = F21ECA362A78DE1900B8ED40 /* English.swift */; };
		F21ECA392A78DE2300B8ED40 /* Arabic.swift in Sources */ = {isa = PBXBuildFile; fileRef = F21ECA382A78DE2300B8ED40 /* Arabic.swift */; };
		F21ECA3B2A78DE2D00B8ED40 /* Tamil.swift in Sources */ = {isa = PBXBuildFile; fileRef = F21ECA3A2A78DE2D00B8ED40 /* Tamil.swift */; };
		F21ECA3E2A78E34400B8ED40 /* ExploreVC.swift in Sources */ = {isa = PBXBuildFile; fileRef = F21ECA3D2A78E34400B8ED40 /* ExploreVC.swift */; };
		F21ECA452A79210200B8ED40 /* loader.gif in Resources */ = {isa = PBXBuildFile; fileRef = F21ECA422A79210200B8ED40 /* loader.gif */; };
		F21ECA462A79210200B8ED40 /* loading.gif in Resources */ = {isa = PBXBuildFile; fileRef = F21ECA432A79210200B8ED40 /* loading.gif */; };
		F21ECA472A79210200B8ED40 /* ripple.gif in Resources */ = {isa = PBXBuildFile; fileRef = F21ECA442A79210200B8ED40 /* ripple.gif */; };
		F21ECA492A79230100B8ED40 /* SharedPreferances.swift in Sources */ = {isa = PBXBuildFile; fileRef = F21ECA482A79230100B8ED40 /* SharedPreferances.swift */; };
		F21ECA4B2A792D3B00B8ED40 /* StreachableHeaderView.swift in Sources */ = {isa = PBXBuildFile; fileRef = F21ECA4A2A792D3B00B8ED40 /* StreachableHeaderView.swift */; };
		F21ECA4E2A792D6400B8ED40 /* ExploreView.swift in Sources */ = {isa = PBXBuildFile; fileRef = F21ECA4D2A792D6400B8ED40 /* ExploreView.swift */; };
		F241A6E129EE57380058C6DF /* AppDelegate.swift in Sources */ = {isa = PBXBuildFile; fileRef = F241A6E029EE57380058C6DF /* AppDelegate.swift */; };
		F241A6E329EE57380058C6DF /* SceneDelegate.swift in Sources */ = {isa = PBXBuildFile; fileRef = F241A6E229EE57380058C6DF /* SceneDelegate.swift */; };
		F241A6E529EE57380058C6DF /* HomeVc.swift in Sources */ = {isa = PBXBuildFile; fileRef = F241A6E429EE57380058C6DF /* HomeVc.swift */; };
		F241A6E829EE57380058C6DF /* Account.storyboard in Resources */ = {isa = PBXBuildFile; fileRef = F241A6E629EE57380058C6DF /* Account.storyboard */; };
		F241A6EB29EE57380058C6DF /* ReserveNow.xcdatamodeld in Sources */ = {isa = PBXBuildFile; fileRef = F241A6E929EE57380058C6DF /* ReserveNow.xcdatamodeld */; };
		F241A6ED29EE57390058C6DF /* Assets.xcassets in Resources */ = {isa = PBXBuildFile; fileRef = F241A6EC29EE57390058C6DF /* Assets.xcassets */; };
		F241A6F029EE57390058C6DF /* LaunchScreen.storyboard in Resources */ = {isa = PBXBuildFile; fileRef = F241A6EE29EE57390058C6DF /* LaunchScreen.storyboard */; };
		F241A6FE29EE57F50058C6DF /* BaseView.swift in Sources */ = {isa = PBXBuildFile; fileRef = F241A6FD29EE57F50058C6DF /* BaseView.swift */; };
		F241A70029EE58210058C6DF /* BaseViewController.swift in Sources */ = {isa = PBXBuildFile; fileRef = F241A6FF29EE58210058C6DF /* BaseViewController.swift */; };
		F241A70229EE58F10058C6DF /* ViewUX.swift in Sources */ = {isa = PBXBuildFile; fileRef = F241A70129EE58F10058C6DF /* ViewUX.swift */; };
		F241A70429EE5C110058C6DF /* StoryBoardExtensions.swift in Sources */ = {isa = PBXBuildFile; fileRef = F241A70329EE5C110058C6DF /* StoryBoardExtensions.swift */; };
		F241A70629EE5D0C0058C6DF /* HomeView.swift in Sources */ = {isa = PBXBuildFile; fileRef = F241A70529EE5D0C0058C6DF /* HomeView.swift */; };
		F247E6D22A1275B800D0C91D /* MapFilterVC.swift in Sources */ = {isa = PBXBuildFile; fileRef = F247E6D12A1275B800D0C91D /* MapFilterVC.swift */; };
		F247E6D42A12761E00D0C91D /* MapFilterView.swift in Sources */ = {isa = PBXBuildFile; fileRef = F247E6D32A12761E00D0C91D /* MapFilterView.swift */; };
		F247E6D82A12775300D0C91D /* MapFilterRoomCVC.swift in Sources */ = {isa = PBXBuildFile; fileRef = F247E6D62A12775300D0C91D /* MapFilterRoomCVC.swift */; };
		F247E6D92A12775300D0C91D /* MapFilterRoomCVC.xib in Resources */ = {isa = PBXBuildFile; fileRef = F247E6D72A12775300D0C91D /* MapFilterRoomCVC.xib */; };
		F24927C32AA9C6B200D5BD3D /* CallingCodes.plist in Resources */ = {isa = PBXBuildFile; fileRef = F24927C22AA9C6B200D5BD3D /* CallingCodes.plist */; };
		F24927C52AA9C7B500D5BD3D /* CountryModal.swift in Sources */ = {isa = PBXBuildFile; fileRef = F24927C42AA9C7B500D5BD3D /* CountryModal.swift */; };
		F24927C72AA9C80300D5BD3D /* CountryListVC.swift in Sources */ = {isa = PBXBuildFile; fileRef = F24927C62AA9C80300D5BD3D /* CountryListVC.swift */; };
		F24A43922A6FAD2300F6120B /* UploadJSON.swift in Sources */ = {isa = PBXBuildFile; fileRef = F24A43912A6FAD2300F6120B /* UploadJSON.swift */; };
		F24A43942A6FB13000F6120B /* GoogleService-Info.plist in Resources */ = {isa = PBXBuildFile; fileRef = F24A43932A6FB13000F6120B /* GoogleService-Info.plist */; };
		F27BE8672A7A60EE003A49D9 /* RestaurantsCVC.swift in Sources */ = {isa = PBXBuildFile; fileRef = F27BE8652A7A60EE003A49D9 /* RestaurantsCVC.swift */; };
		F27BE8682A7A60EE003A49D9 /* RestaurantsCVC.xib in Resources */ = {isa = PBXBuildFile; fileRef = F27BE8662A7A60EE003A49D9 /* RestaurantsCVC.xib */; };
		F27BE86B2A7A6285003A49D9 /* CategoriesCVC.swift in Sources */ = {isa = PBXBuildFile; fileRef = F27BE8692A7A6285003A49D9 /* CategoriesCVC.swift */; };
		F27BE86C2A7A6285003A49D9 /* CategoriesCVC.xib in Resources */ = {isa = PBXBuildFile; fileRef = F27BE86A2A7A6285003A49D9 /* CategoriesCVC.xib */; };
		F27BE86F2A7A8497003A49D9 /* HeaderTitle.swift in Sources */ = {isa = PBXBuildFile; fileRef = F27BE86D2A7A8496003A49D9 /* HeaderTitle.swift */; };
		F27BE8702A7A8497003A49D9 /* HeaderTitle.xib in Resources */ = {isa = PBXBuildFile; fileRef = F27BE86E2A7A8496003A49D9 /* HeaderTitle.xib */; };
		F27BE8722A7A9037003A49D9 /* EmptyReusableView.swift in Sources */ = {isa = PBXBuildFile; fileRef = F27BE8712A7A9037003A49D9 /* EmptyReusableView.swift */; };
		F27BE8772A7A9634003A49D9 /* Reservenow_live.xcconfig in Resources */ = {isa = PBXBuildFile; fileRef = F27BE8762A7A9634003A49D9 /* Reservenow_live.xcconfig */; };
		F27BE87B2A7A964D003A49D9 /* Reservenow_demo.xcconfig in Resources */ = {isa = PBXBuildFile; fileRef = F27BE87A2A7A964D003A49D9 /* Reservenow_demo.xcconfig */; };
		F2869DB32A0E7F32003D6E6C /* LocationManager.swift in Sources */ = {isa = PBXBuildFile; fileRef = F2869DB22A0E7F32003D6E6C /* LocationManager.swift */; };
		F2869DB52A0E8039003D6E6C /* LocalStorage.swift in Sources */ = {isa = PBXBuildFile; fileRef = F2869DB42A0E8039003D6E6C /* LocalStorage.swift */; };
		F28E0FB02AB4316400F2C1D7 /* GlobalVariables.swift in Sources */ = {isa = PBXBuildFile; fileRef = F28E0FAF2AB4316400F2C1D7 /* GlobalVariables.swift */; };
		F2AF679C2ACEEC7F0046CF43 /* CommonResponseModel.swift in Sources */ = {isa = PBXBuildFile; fileRef = F2AF679A2ACEEC7F0046CF43 /* CommonResponseModel.swift */; };
		F2B33C5D2AB9B98100DBA7D0 /* ReserverveNowHomeVC.swift in Sources */ = {isa = PBXBuildFile; fileRef = F2B33C5C2AB9B98100DBA7D0 /* ReserverveNowHomeVC.swift */; };
		F2B33C612AB9BA3A00DBA7D0 /* ServiceTileTVC.swift in Sources */ = {isa = PBXBuildFile; fileRef = F2B33C5F2AB9BA3A00DBA7D0 /* ServiceTileTVC.swift */; };
		F2B33C622AB9BA3A00DBA7D0 /* ServiceTileTVC.xib in Resources */ = {isa = PBXBuildFile; fileRef = F2B33C602AB9BA3A00DBA7D0 /* ServiceTileTVC.xib */; };
		F2B80CF72AB065CD007CF67B /* GetUserInfoVC.swift in Sources */ = {isa = PBXBuildFile; fileRef = F2B80CF62AB065CD007CF67B /* GetUserInfoVC.swift */; };
		F2B80D052AB07F18007CF67B /* GetUserInfoView.swift in Sources */ = {isa = PBXBuildFile; fileRef = F2B80D042AB07F18007CF67B /* GetUserInfoView.swift */; };
		F2BE9A5A29FA5AF5003A4046 /* CommonModal.swift in Sources */ = {isa = PBXBuildFile; fileRef = F2BE9A5929FA5AF5003A4046 /* CommonModal.swift */; };
		F2BE9A5D29FA5C18003A4046 /* HomeViewModal.swift in Sources */ = {isa = PBXBuildFile; fileRef = F2BE9A5C29FA5C18003A4046 /* HomeViewModal.swift */; };
		F2BE9A5F29FA5C33003A4046 /* BaseViewModal.swift in Sources */ = {isa = PBXBuildFile; fileRef = F2BE9A5E29FA5C33003A4046 /* BaseViewModal.swift */; };
		F2C7959F2AB832E50080722A /* InstaProfileSpinner.swift in Sources */ = {isa = PBXBuildFile; fileRef = F2C7959E2AB832E50080722A /* InstaProfileSpinner.swift */; };
		F2C795A22AB8332F0080722A /* ProfileVCV.swift in Sources */ = {isa = PBXBuildFile; fileRef = F2C795A02AB8332F0080722A /* ProfileVCV.swift */; };
		F2C795A32AB8332F0080722A /* ProfileVCV.xib in Resources */ = {isa = PBXBuildFile; fileRef = F2C795A12AB8332F0080722A /* ProfileVCV.xib */; };
		F2CC79412AA99AF2005AA162 /* AuthManager.swift in Sources */ = {isa = PBXBuildFile; fileRef = F2CC79402AA99AF2005AA162 /* AuthManager.swift */; };
		F2D2D6672AA5C6F200A6B574 /* Restaurants.JSON in Sources */ = {isa = PBXBuildFile; fileRef = F2D2D6662AA5C6F200A6B574 /* Restaurants.JSON */; };
		F2D7085829EFB9470034ED71 /* ReservationVc.swift in Sources */ = {isa = PBXBuildFile; fileRef = F2D7085729EFB9470034ED71 /* ReservationVc.swift */; };
		F2D7085A29EFBA7D0034ED71 /* ReservationView.swift in Sources */ = {isa = PBXBuildFile; fileRef = F2D7085929EFBA7D0034ED71 /* ReservationView.swift */; };
		F2D7085C29EFC6CD0034ED71 /* TimeSelectotVc.swift in Sources */ = {isa = PBXBuildFile; fileRef = F2D7085B29EFC6CD0034ED71 /* TimeSelectotVc.swift */; };
		F2D7085E29EFC77B0034ED71 /* TimeSelectorView.swift in Sources */ = {isa = PBXBuildFile; fileRef = F2D7085D29EFC77B0034ED71 /* TimeSelectorView.swift */; };
		F2EC62072A7B7FC400C1D84D /* WelcomeVC.swift in Sources */ = {isa = PBXBuildFile; fileRef = F2EC62062A7B7FC400C1D84D /* WelcomeVC.swift */; };
		F2EC62092A7B7FD500C1D84D /* WelcomeVIew.swift in Sources */ = {isa = PBXBuildFile; fileRef = F2EC62082A7B7FD500C1D84D /* WelcomeVIew.swift */; };
		F2EC620B2A7B7FEE00C1D84D /* LoginVC.swift in Sources */ = {isa = PBXBuildFile; fileRef = F2EC620A2A7B7FEE00C1D84D /* LoginVC.swift */; };
		F2EC620D2A7B7FFB00C1D84D /* LoginView.swift in Sources */ = {isa = PBXBuildFile; fileRef = F2EC620C2A7B7FFB00C1D84D /* LoginView.swift */; };
		F2EC62112A7B818200C1D84D /* DeletePHIAlertview.swift in Sources */ = {isa = PBXBuildFile; fileRef = F2EC620F2A7B818200C1D84D /* DeletePHIAlertview.swift */; };
		F2EC62122A7B818200C1D84D /* DeletePHIAlertview.xib in Resources */ = {isa = PBXBuildFile; fileRef = F2EC62102A7B818200C1D84D /* DeletePHIAlertview.xib */; };
		F2EC62142A7B81FA00C1D84D /* CustomClasses.swift in Sources */ = {isa = PBXBuildFile; fileRef = F2EC62132A7B81FA00C1D84D /* CustomClasses.swift */; };
		F2EC62162A7BE65500C1D84D /* TimelyEssential Code.swift in Sources */ = {isa = PBXBuildFile; fileRef = F2EC62152A7BE65500C1D84D /* TimelyEssential Code.swift */; };
		F2F0251B2AA8884B00951621 /* OTPView.xib in Resources */ = {isa = PBXBuildFile; fileRef = F2F025192AA8884B00951621 /* OTPView.xib */; };
		F2F0251C2AA8884B00951621 /* OTPView.swift in Sources */ = {isa = PBXBuildFile; fileRef = F2F0251A2AA8884B00951621 /* OTPView.swift */; };
		F2F0251E2AA88BBD00951621 /* OTPValidationVC.swift in Sources */ = {isa = PBXBuildFile; fileRef = F2F0251D2AA88BBD00951621 /* OTPValidationVC.swift */; };
		F2F025202AA88BDB00951621 /* OTPValidationView.swift in Sources */ = {isa = PBXBuildFile; fileRef = F2F0251F2AA88BDB00951621 /* OTPValidationView.swift */; };
		F2F025222AA895B700951621 /* UserInfoVC.swift in Sources */ = {isa = PBXBuildFile; fileRef = F2F025212AA895B700951621 /* UserInfoVC.swift */; };
		F2F025242AA895E100951621 /* UserInfoView.swift in Sources */ = {isa = PBXBuildFile; fileRef = F2F025232AA895E100951621 /* UserInfoView.swift */; };
		F2F025292AA8A69800951621 /* userInfoTVC.swift in Sources */ = {isa = PBXBuildFile; fileRef = F2F025272AA8A69800951621 /* userInfoTVC.swift */; };
		F2F0252A2AA8A69800951621 /* userInfoTVC.xib in Resources */ = {isa = PBXBuildFile; fileRef = F2F025282AA8A69800951621 /* userInfoTVC.xib */; };
		F2F116442A77C2BC00531FF7 /* PushNotificationManager.swift in Sources */ = {isa = PBXBuildFile; fileRef = F2F116432A77C2BC00531FF7 /* PushNotificationManager.swift */; };
		F2F116462A77C46700531FF7 /* NotificationEnum.swift in Sources */ = {isa = PBXBuildFile; fileRef = F2F116452A77C46700531FF7 /* NotificationEnum.swift */; };
		F2F116482A77E98100531FF7 /* SpalashVC.swift in Sources */ = {isa = PBXBuildFile; fileRef = F2F116472A77E98100531FF7 /* SpalashVC.swift */; };
		F2F1164A2A77E9F000531FF7 /* SplashView.swift in Sources */ = {isa = PBXBuildFile; fileRef = F2F116492A77E9F000531FF7 /* SplashView.swift */; };
		F2F23F272AAAE74700B08BA0 /* PopoverVC.swift in Sources */ = {isa = PBXBuildFile; fileRef = F2F23F262AAAE74700B08BA0 /* PopoverVC.swift */; };
		F2F3F5FE2AB1CA4600C4E78C /* SigninHelpers.swift in Sources */ = {isa = PBXBuildFile; fileRef = F2F3F5FC2AB1CA4600C4E78C /* SigninHelpers.swift */; };
		F2F3F5FF2AB1CA4600C4E78C /* SocialLoginHandler.swift in Sources */ = {isa = PBXBuildFile; fileRef = F2F3F5FD2AB1CA4600C4E78C /* SocialLoginHandler.swift */; };
		F2F3F6012AB1DCB000C4E78C /* GooglePlistKeys.swift in Sources */ = {isa = PBXBuildFile; fileRef = F2F3F6002AB1DCB000C4E78C /* GooglePlistKeys.swift */; };
		F2F3F6032AB1DF6600C4E78C /* KeychainItem.swift in Sources */ = {isa = PBXBuildFile; fileRef = F2F3F6022AB1DF6600C4E78C /* KeychainItem.swift */; };
		F2FB9CF22A80BB0B00404662 /* BookingDetailsVC.swift in Sources */ = {isa = PBXBuildFile; fileRef = F2FB9CF12A80BB0B00404662 /* BookingDetailsVC.swift */; };
		F2FB9CF42A80BB2600404662 /* BookingDetailsView.swift in Sources */ = {isa = PBXBuildFile; fileRef = F2FB9CF32A80BB2600404662 /* BookingDetailsView.swift */; };
		F2FB9CF62A80C16500404662 /* SpinnerView.swift in Sources */ = {isa = PBXBuildFile; fileRef = F2FB9CF52A80C16500404662 /* SpinnerView.swift */; };
		F2FCE6FE2A7D172500105359 /* Themes.swift in Sources */ = {isa = PBXBuildFile; fileRef = F2FCE6FD2A7D172500105359 /* Themes.swift */; };
/* End PBXBuildFile section */

/* Begin PBXFileReference section */
		39F7EB5A43B1565E93153F68 /* Pods-ReserveNow.release.xcconfig */ = {isa = PBXFileReference; includeInIndex = 1; lastKnownFileType = text.xcconfig; name = "Pods-ReserveNow.release.xcconfig"; path = "Target Support Files/Pods-ReserveNow/Pods-ReserveNow.release.xcconfig"; sourceTree = "<group>"; };
		77799CD1FD064AA48A622890 /* Pods-ReserveNow.debug.xcconfig */ = {isa = PBXFileReference; includeInIndex = 1; lastKnownFileType = text.xcconfig; name = "Pods-ReserveNow.debug.xcconfig"; path = "Target Support Files/Pods-ReserveNow/Pods-ReserveNow.debug.xcconfig"; sourceTree = "<group>"; };
		DDE97FB4AA29F2285B173D65 /* Pods_ReserveNow.framework */ = {isa = PBXFileReference; explicitFileType = wrapper.framework; includeInIndex = 0; path = Pods_ReserveNow.framework; sourceTree = BUILT_PRODUCTS_DIR; };
		F201D17F2A6AC3AA009D848A /* ConnectionHandler.swift */ = {isa = PBXFileReference; lastKnownFileType = sourcecode.swift; path = ConnectionHandler.swift; sourceTree = "<group>"; };
		F201D1812A6AC3E0009D848A /* CacheHandler.swift */ = {isa = PBXFileReference; lastKnownFileType = sourcecode.swift; path = CacheHandler.swift; sourceTree = "<group>"; };
		F201D1832A6AC40F009D848A /* CodeHelpers.swift */ = {isa = PBXFileReference; lastKnownFileType = sourcecode.swift; path = CodeHelpers.swift; sourceTree = "<group>"; };
		F201D1852A6AC4D7009D848A /* APIEnums.swift */ = {isa = PBXFileReference; lastKnownFileType = sourcecode.swift; path = APIEnums.swift; sourceTree = "<group>"; };
		F201D1872A6AC520009D848A /* APIResponseProtocol.swift */ = {isa = PBXFileReference; lastKnownFileType = sourcecode.swift; path = APIResponseProtocol.swift; sourceTree = "<group>"; };
		F201D1892A6AC586009D848A /* Constants.swift */ = {isa = PBXFileReference; lastKnownFileType = sourcecode.swift; path = Constants.swift; sourceTree = "<group>"; };
		F201D18B2A6AC5BA009D848A /* PlistReader.swift */ = {isa = PBXFileReference; lastKnownFileType = sourcecode.swift; path = PlistReader.swift; sourceTree = "<group>"; };
		F201D18D2A6AC5ED009D848A /* PlistKeys.swift */ = {isa = PBXFileReference; lastKnownFileType = sourcecode.swift; path = PlistKeys.swift; sourceTree = "<group>"; };
		F201D18F2A6AC652009D848A /* APIResponseHandler.swift */ = {isa = PBXFileReference; lastKnownFileType = sourcecode.swift; path = APIResponseHandler.swift; sourceTree = "<group>"; };
		F201D1912A6AC7D4009D848A /* Extensions.swift */ = {isa = PBXFileReference; lastKnownFileType = sourcecode.swift; path = Extensions.swift; sourceTree = "<group>"; };
		F2064D8F2AB33F1D0079BAAF /* GlobalUserDataModal.swift */ = {isa = PBXFileReference; lastKnownFileType = sourcecode.swift; path = GlobalUserDataModal.swift; sourceTree = "<group>"; };
		F2064D912AB341BC0079BAAF /* Reserve-Bridging-Header.h */ = {isa = PBXFileReference; lastKnownFileType = sourcecode.c.h; path = "Reserve-Bridging-Header.h"; sourceTree = "<group>"; };
		F2064D932AB343930079BAAF /* Codable + Extensions.swift */ = {isa = PBXFileReference; lastKnownFileType = sourcecode.swift; path = "Codable + Extensions.swift"; sourceTree = "<group>"; };
		F21D25452A9F5D5900F4657B /* MenuVC.swift */ = {isa = PBXFileReference; lastKnownFileType = sourcecode.swift; path = MenuVC.swift; sourceTree = "<group>"; };
		F21D25472A9F5DBA00F4657B /* MenuView.swift */ = {isa = PBXFileReference; lastKnownFileType = sourcecode.swift; path = MenuView.swift; sourceTree = "<group>"; };
		F21ECA2D2A78D38000B8ED40 /* MainTabBarVC.swift */ = {isa = PBXFileReference; lastKnownFileType = sourcecode.swift; path = MainTabBarVC.swift; sourceTree = "<group>"; };
		F21ECA2F2A78DB1C00B8ED40 /* TabBarItems.storyboard */ = {isa = PBXFileReference; lastKnownFileType = file.storyboard; path = TabBarItems.storyboard; sourceTree = "<group>"; };
		F21ECA322A78DD9800B8ED40 /* Language.swift */ = {isa = PBXFileReference; lastKnownFileType = sourcecode.swift; path = Language.swift; sourceTree = "<group>"; };
		F21ECA342A78DDC100B8ED40 /* LanguageProtocol.swift */ = {isa = PBXFileReference; lastKnownFileType = sourcecode.swift; path = LanguageProtocol.swift; sourceTree = "<group>"; };
		F21ECA362A78DE1900B8ED40 /* English.swift */ = {isa = PBXFileReference; lastKnownFileType = sourcecode.swift; path = English.swift; sourceTree = "<group>"; };
		F21ECA382A78DE2300B8ED40 /* Arabic.swift */ = {isa = PBXFileReference; lastKnownFileType = sourcecode.swift; path = Arabic.swift; sourceTree = "<group>"; };
		F21ECA3A2A78DE2D00B8ED40 /* Tamil.swift */ = {isa = PBXFileReference; lastKnownFileType = sourcecode.swift; path = Tamil.swift; sourceTree = "<group>"; };
		F21ECA3D2A78E34400B8ED40 /* ExploreVC.swift */ = {isa = PBXFileReference; fileEncoding = 4; lastKnownFileType = sourcecode.swift; path = ExploreVC.swift; sourceTree = "<group>"; };
		F21ECA422A79210200B8ED40 /* loader.gif */ = {isa = PBXFileReference; lastKnownFileType = image.gif; path = loader.gif; sourceTree = "<group>"; };
		F21ECA432A79210200B8ED40 /* loading.gif */ = {isa = PBXFileReference; lastKnownFileType = image.gif; path = loading.gif; sourceTree = "<group>"; };
		F21ECA442A79210200B8ED40 /* ripple.gif */ = {isa = PBXFileReference; lastKnownFileType = image.gif; path = ripple.gif; sourceTree = "<group>"; };
		F21ECA482A79230100B8ED40 /* SharedPreferances.swift */ = {isa = PBXFileReference; lastKnownFileType = sourcecode.swift; path = SharedPreferances.swift; sourceTree = "<group>"; };
		F21ECA4A2A792D3B00B8ED40 /* StreachableHeaderView.swift */ = {isa = PBXFileReference; lastKnownFileType = sourcecode.swift; path = StreachableHeaderView.swift; sourceTree = "<group>"; };
		F21ECA4D2A792D6400B8ED40 /* ExploreView.swift */ = {isa = PBXFileReference; lastKnownFileType = sourcecode.swift; path = ExploreView.swift; sourceTree = "<group>"; };
		F241A6DD29EE57380058C6DF /* ReserveNow.app */ = {isa = PBXFileReference; explicitFileType = wrapper.application; includeInIndex = 0; path = ReserveNow.app; sourceTree = BUILT_PRODUCTS_DIR; };
		F241A6E029EE57380058C6DF /* AppDelegate.swift */ = {isa = PBXFileReference; lastKnownFileType = sourcecode.swift; path = AppDelegate.swift; sourceTree = "<group>"; };
		F241A6E229EE57380058C6DF /* SceneDelegate.swift */ = {isa = PBXFileReference; lastKnownFileType = sourcecode.swift; path = SceneDelegate.swift; sourceTree = "<group>"; };
		F241A6E429EE57380058C6DF /* HomeVc.swift */ = {isa = PBXFileReference; lastKnownFileType = sourcecode.swift; path = HomeVc.swift; sourceTree = "<group>"; };
		F241A6E729EE57380058C6DF /* Base */ = {isa = PBXFileReference; lastKnownFileType = file.storyboard; name = Base; path = Base.lproj/Account.storyboard; sourceTree = "<group>"; };
		F241A6EA29EE57380058C6DF /* ReserveNow.xcdatamodel */ = {isa = PBXFileReference; lastKnownFileType = wrapper.xcdatamodel; path = ReserveNow.xcdatamodel; sourceTree = "<group>"; };
		F241A6EC29EE57390058C6DF /* Assets.xcassets */ = {isa = PBXFileReference; lastKnownFileType = folder.assetcatalog; path = Assets.xcassets; sourceTree = "<group>"; };
		F241A6EF29EE57390058C6DF /* Base */ = {isa = PBXFileReference; lastKnownFileType = file.storyboard; name = Base; path = Base.lproj/LaunchScreen.storyboard; sourceTree = "<group>"; };
		F241A6F129EE57390058C6DF /* Info.plist */ = {isa = PBXFileReference; lastKnownFileType = text.plist.xml; path = Info.plist; sourceTree = "<group>"; };
		F241A6FD29EE57F50058C6DF /* BaseView.swift */ = {isa = PBXFileReference; lastKnownFileType = sourcecode.swift; path = BaseView.swift; sourceTree = "<group>"; };
		F241A6FF29EE58210058C6DF /* BaseViewController.swift */ = {isa = PBXFileReference; lastKnownFileType = sourcecode.swift; path = BaseViewController.swift; sourceTree = "<group>"; };
		F241A70129EE58F10058C6DF /* ViewUX.swift */ = {isa = PBXFileReference; lastKnownFileType = sourcecode.swift; path = ViewUX.swift; sourceTree = "<group>"; };
		F241A70329EE5C110058C6DF /* StoryBoardExtensions.swift */ = {isa = PBXFileReference; lastKnownFileType = sourcecode.swift; path = StoryBoardExtensions.swift; sourceTree = "<group>"; };
		F241A70529EE5D0C0058C6DF /* HomeView.swift */ = {isa = PBXFileReference; lastKnownFileType = sourcecode.swift; path = HomeView.swift; sourceTree = "<group>"; };
		F247E6D12A1275B800D0C91D /* MapFilterVC.swift */ = {isa = PBXFileReference; lastKnownFileType = sourcecode.swift; path = MapFilterVC.swift; sourceTree = "<group>"; };
		F247E6D32A12761E00D0C91D /* MapFilterView.swift */ = {isa = PBXFileReference; lastKnownFileType = sourcecode.swift; path = MapFilterView.swift; sourceTree = "<group>"; };
		F247E6D62A12775300D0C91D /* MapFilterRoomCVC.swift */ = {isa = PBXFileReference; lastKnownFileType = sourcecode.swift; path = MapFilterRoomCVC.swift; sourceTree = "<group>"; };
		F247E6D72A12775300D0C91D /* MapFilterRoomCVC.xib */ = {isa = PBXFileReference; lastKnownFileType = file.xib; path = MapFilterRoomCVC.xib; sourceTree = "<group>"; };
		F24927C22AA9C6B200D5BD3D /* CallingCodes.plist */ = {isa = PBXFileReference; fileEncoding = 4; lastKnownFileType = text.plist.xml; path = CallingCodes.plist; sourceTree = "<group>"; };
		F24927C42AA9C7B500D5BD3D /* CountryModal.swift */ = {isa = PBXFileReference; lastKnownFileType = sourcecode.swift; path = CountryModal.swift; sourceTree = "<group>"; };
		F24927C62AA9C80300D5BD3D /* CountryListVC.swift */ = {isa = PBXFileReference; lastKnownFileType = sourcecode.swift; path = CountryListVC.swift; sourceTree = "<group>"; };
		F24A43912A6FAD2300F6120B /* UploadJSON.swift */ = {isa = PBXFileReference; lastKnownFileType = sourcecode.swift; path = UploadJSON.swift; sourceTree = "<group>"; };
		F24A43932A6FB13000F6120B /* GoogleService-Info.plist */ = {isa = PBXFileReference; fileEncoding = 4; lastKnownFileType = text.plist.xml; path = "GoogleService-Info.plist"; sourceTree = "<group>"; };
		F27BE8652A7A60EE003A49D9 /* RestaurantsCVC.swift */ = {isa = PBXFileReference; lastKnownFileType = sourcecode.swift; path = RestaurantsCVC.swift; sourceTree = "<group>"; };
		F27BE8662A7A60EE003A49D9 /* RestaurantsCVC.xib */ = {isa = PBXFileReference; lastKnownFileType = file.xib; path = RestaurantsCVC.xib; sourceTree = "<group>"; };
		F27BE8692A7A6285003A49D9 /* CategoriesCVC.swift */ = {isa = PBXFileReference; lastKnownFileType = sourcecode.swift; path = CategoriesCVC.swift; sourceTree = "<group>"; };
		F27BE86A2A7A6285003A49D9 /* CategoriesCVC.xib */ = {isa = PBXFileReference; lastKnownFileType = file.xib; path = CategoriesCVC.xib; sourceTree = "<group>"; };
		F27BE86D2A7A8496003A49D9 /* HeaderTitle.swift */ = {isa = PBXFileReference; lastKnownFileType = sourcecode.swift; path = HeaderTitle.swift; sourceTree = "<group>"; };
		F27BE86E2A7A8496003A49D9 /* HeaderTitle.xib */ = {isa = PBXFileReference; lastKnownFileType = file.xib; path = HeaderTitle.xib; sourceTree = "<group>"; };
		F27BE8712A7A9037003A49D9 /* EmptyReusableView.swift */ = {isa = PBXFileReference; lastKnownFileType = sourcecode.swift; path = EmptyReusableView.swift; sourceTree = "<group>"; };
		F27BE8762A7A9634003A49D9 /* Reservenow_live.xcconfig */ = {isa = PBXFileReference; fileEncoding = 4; lastKnownFileType = text.xcconfig; path = Reservenow_live.xcconfig; sourceTree = "<group>"; };
		F27BE87A2A7A964D003A49D9 /* Reservenow_demo.xcconfig */ = {isa = PBXFileReference; fileEncoding = 4; lastKnownFileType = text.xcconfig; path = Reservenow_demo.xcconfig; sourceTree = "<group>"; };
		F2869DB22A0E7F32003D6E6C /* LocationManager.swift */ = {isa = PBXFileReference; lastKnownFileType = sourcecode.swift; path = LocationManager.swift; sourceTree = "<group>"; };
		F2869DB42A0E8039003D6E6C /* LocalStorage.swift */ = {isa = PBXFileReference; lastKnownFileType = sourcecode.swift; path = LocalStorage.swift; sourceTree = "<group>"; };
		F28E0FAF2AB4316400F2C1D7 /* GlobalVariables.swift */ = {isa = PBXFileReference; lastKnownFileType = sourcecode.swift; path = GlobalVariables.swift; sourceTree = "<group>"; };
		F2AF679A2ACEEC7F0046CF43 /* CommonResponseModel.swift */ = {isa = PBXFileReference; fileEncoding = 4; lastKnownFileType = sourcecode.swift; path = CommonResponseModel.swift; sourceTree = "<group>"; };
		F2B33C5C2AB9B98100DBA7D0 /* ReserverveNowHomeVC.swift */ = {isa = PBXFileReference; lastKnownFileType = sourcecode.swift; path = ReserverveNowHomeVC.swift; sourceTree = "<group>"; };
		F2B33C5F2AB9BA3A00DBA7D0 /* ServiceTileTVC.swift */ = {isa = PBXFileReference; lastKnownFileType = sourcecode.swift; path = ServiceTileTVC.swift; sourceTree = "<group>"; };
		F2B33C602AB9BA3A00DBA7D0 /* ServiceTileTVC.xib */ = {isa = PBXFileReference; lastKnownFileType = file.xib; path = ServiceTileTVC.xib; sourceTree = "<group>"; };
		F2B80CF62AB065CD007CF67B /* GetUserInfoVC.swift */ = {isa = PBXFileReference; lastKnownFileType = sourcecode.swift; path = GetUserInfoVC.swift; sourceTree = "<group>"; };
		F2B80D042AB07F18007CF67B /* GetUserInfoView.swift */ = {isa = PBXFileReference; lastKnownFileType = sourcecode.swift; path = GetUserInfoView.swift; sourceTree = "<group>"; };
		F2BE9A5929FA5AF5003A4046 /* CommonModal.swift */ = {isa = PBXFileReference; lastKnownFileType = sourcecode.swift; path = CommonModal.swift; sourceTree = "<group>"; };
		F2BE9A5C29FA5C18003A4046 /* HomeViewModal.swift */ = {isa = PBXFileReference; lastKnownFileType = sourcecode.swift; path = HomeViewModal.swift; sourceTree = "<group>"; };
		F2BE9A5E29FA5C33003A4046 /* BaseViewModal.swift */ = {isa = PBXFileReference; lastKnownFileType = sourcecode.swift; path = BaseViewModal.swift; sourceTree = "<group>"; };
		F2C7959E2AB832E50080722A /* InstaProfileSpinner.swift */ = {isa = PBXFileReference; lastKnownFileType = sourcecode.swift; path = InstaProfileSpinner.swift; sourceTree = "<group>"; };
		F2C795A02AB8332F0080722A /* ProfileVCV.swift */ = {isa = PBXFileReference; lastKnownFileType = sourcecode.swift; path = ProfileVCV.swift; sourceTree = "<group>"; };
		F2C795A12AB8332F0080722A /* ProfileVCV.xib */ = {isa = PBXFileReference; lastKnownFileType = file.xib; path = ProfileVCV.xib; sourceTree = "<group>"; };
		F2CC79402AA99AF2005AA162 /* AuthManager.swift */ = {isa = PBXFileReference; lastKnownFileType = sourcecode.swift; path = AuthManager.swift; sourceTree = "<group>"; };
		F2D2D6662AA5C6F200A6B574 /* Restaurants.JSON */ = {isa = PBXFileReference; lastKnownFileType = text.json; path = Restaurants.JSON; sourceTree = "<group>"; };
		F2D7085729EFB9470034ED71 /* ReservationVc.swift */ = {isa = PBXFileReference; lastKnownFileType = sourcecode.swift; path = ReservationVc.swift; sourceTree = "<group>"; };
		F2D7085929EFBA7D0034ED71 /* ReservationView.swift */ = {isa = PBXFileReference; lastKnownFileType = sourcecode.swift; path = ReservationView.swift; sourceTree = "<group>"; };
		F2D7085B29EFC6CD0034ED71 /* TimeSelectotVc.swift */ = {isa = PBXFileReference; lastKnownFileType = sourcecode.swift; path = TimeSelectotVc.swift; sourceTree = "<group>"; };
		F2D7085D29EFC77B0034ED71 /* TimeSelectorView.swift */ = {isa = PBXFileReference; lastKnownFileType = sourcecode.swift; path = TimeSelectorView.swift; sourceTree = "<group>"; };
		F2EC62062A7B7FC400C1D84D /* WelcomeVC.swift */ = {isa = PBXFileReference; lastKnownFileType = sourcecode.swift; path = WelcomeVC.swift; sourceTree = "<group>"; };
		F2EC62082A7B7FD500C1D84D /* WelcomeVIew.swift */ = {isa = PBXFileReference; lastKnownFileType = sourcecode.swift; path = WelcomeVIew.swift; sourceTree = "<group>"; };
		F2EC620A2A7B7FEE00C1D84D /* LoginVC.swift */ = {isa = PBXFileReference; lastKnownFileType = sourcecode.swift; path = LoginVC.swift; sourceTree = "<group>"; };
		F2EC620C2A7B7FFB00C1D84D /* LoginView.swift */ = {isa = PBXFileReference; lastKnownFileType = sourcecode.swift; path = LoginView.swift; sourceTree = "<group>"; };
		F2EC620F2A7B818200C1D84D /* DeletePHIAlertview.swift */ = {isa = PBXFileReference; fileEncoding = 4; lastKnownFileType = sourcecode.swift; path = DeletePHIAlertview.swift; sourceTree = "<group>"; };
		F2EC62102A7B818200C1D84D /* DeletePHIAlertview.xib */ = {isa = PBXFileReference; fileEncoding = 4; lastKnownFileType = file.xib; path = DeletePHIAlertview.xib; sourceTree = "<group>"; };
		F2EC62132A7B81FA00C1D84D /* CustomClasses.swift */ = {isa = PBXFileReference; lastKnownFileType = sourcecode.swift; path = CustomClasses.swift; sourceTree = "<group>"; };
		F2EC62152A7BE65500C1D84D /* TimelyEssential Code.swift */ = {isa = PBXFileReference; lastKnownFileType = sourcecode.swift; path = "TimelyEssential Code.swift"; sourceTree = "<group>"; };
		F2F025192AA8884B00951621 /* OTPView.xib */ = {isa = PBXFileReference; fileEncoding = 4; lastKnownFileType = file.xib; path = OTPView.xib; sourceTree = "<group>"; };
		F2F0251A2AA8884B00951621 /* OTPView.swift */ = {isa = PBXFileReference; fileEncoding = 4; lastKnownFileType = sourcecode.swift; path = OTPView.swift; sourceTree = "<group>"; };
		F2F0251D2AA88BBD00951621 /* OTPValidationVC.swift */ = {isa = PBXFileReference; lastKnownFileType = sourcecode.swift; path = OTPValidationVC.swift; sourceTree = "<group>"; };
		F2F0251F2AA88BDB00951621 /* OTPValidationView.swift */ = {isa = PBXFileReference; lastKnownFileType = sourcecode.swift; path = OTPValidationView.swift; sourceTree = "<group>"; };
		F2F025212AA895B700951621 /* UserInfoVC.swift */ = {isa = PBXFileReference; lastKnownFileType = sourcecode.swift; path = UserInfoVC.swift; sourceTree = "<group>"; };
		F2F025232AA895E100951621 /* UserInfoView.swift */ = {isa = PBXFileReference; lastKnownFileType = sourcecode.swift; path = UserInfoView.swift; sourceTree = "<group>"; };
		F2F025272AA8A69800951621 /* userInfoTVC.swift */ = {isa = PBXFileReference; lastKnownFileType = sourcecode.swift; path = userInfoTVC.swift; sourceTree = "<group>"; };
		F2F025282AA8A69800951621 /* userInfoTVC.xib */ = {isa = PBXFileReference; lastKnownFileType = file.xib; path = userInfoTVC.xib; sourceTree = "<group>"; };
		F2F116432A77C2BC00531FF7 /* PushNotificationManager.swift */ = {isa = PBXFileReference; lastKnownFileType = sourcecode.swift; path = PushNotificationManager.swift; sourceTree = "<group>"; };
		F2F116452A77C46700531FF7 /* NotificationEnum.swift */ = {isa = PBXFileReference; lastKnownFileType = sourcecode.swift; path = NotificationEnum.swift; sourceTree = "<group>"; };
		F2F116472A77E98100531FF7 /* SpalashVC.swift */ = {isa = PBXFileReference; fileEncoding = 4; lastKnownFileType = sourcecode.swift; path = SpalashVC.swift; sourceTree = "<group>"; };
		F2F116492A77E9F000531FF7 /* SplashView.swift */ = {isa = PBXFileReference; fileEncoding = 4; lastKnownFileType = sourcecode.swift; path = SplashView.swift; sourceTree = "<group>"; };
		F2F23F262AAAE74700B08BA0 /* PopoverVC.swift */ = {isa = PBXFileReference; lastKnownFileType = sourcecode.swift; path = PopoverVC.swift; sourceTree = "<group>"; };
		F2F3F5FC2AB1CA4600C4E78C /* SigninHelpers.swift */ = {isa = PBXFileReference; fileEncoding = 4; lastKnownFileType = sourcecode.swift; path = SigninHelpers.swift; sourceTree = "<group>"; };
		F2F3F5FD2AB1CA4600C4E78C /* SocialLoginHandler.swift */ = {isa = PBXFileReference; fileEncoding = 4; lastKnownFileType = sourcecode.swift; path = SocialLoginHandler.swift; sourceTree = "<group>"; };
		F2F3F6002AB1DCB000C4E78C /* GooglePlistKeys.swift */ = {isa = PBXFileReference; lastKnownFileType = sourcecode.swift; path = GooglePlistKeys.swift; sourceTree = "<group>"; };
		F2F3F6022AB1DF6600C4E78C /* KeychainItem.swift */ = {isa = PBXFileReference; lastKnownFileType = sourcecode.swift; path = KeychainItem.swift; sourceTree = "<group>"; };
		F2FB9CF12A80BB0B00404662 /* BookingDetailsVC.swift */ = {isa = PBXFileReference; lastKnownFileType = sourcecode.swift; path = BookingDetailsVC.swift; sourceTree = "<group>"; };
		F2FB9CF32A80BB2600404662 /* BookingDetailsView.swift */ = {isa = PBXFileReference; lastKnownFileType = sourcecode.swift; path = BookingDetailsView.swift; sourceTree = "<group>"; };
		F2FB9CF52A80C16500404662 /* SpinnerView.swift */ = {isa = PBXFileReference; lastKnownFileType = sourcecode.swift; path = SpinnerView.swift; sourceTree = "<group>"; };
		F2FCE6FD2A7D172500105359 /* Themes.swift */ = {isa = PBXFileReference; lastKnownFileType = sourcecode.swift; path = Themes.swift; sourceTree = "<group>"; };
/* End PBXFileReference section */

/* Begin PBXFrameworksBuildPhase section */
		F241A6DA29EE57380058C6DF /* Frameworks */ = {
			isa = PBXFrameworksBuildPhase;
			buildActionMask = 2147483647;
			files = (
				77C0F41AE5E0BBA95F5C79CB /* Pods_ReserveNow.framework in Frameworks */,
			);
			runOnlyForDeploymentPostprocessing = 0;
		};
/* End PBXFrameworksBuildPhase section */

/* Begin PBXGroup section */
		B5950F80A5D176963C8BE043 /* Pods */ = {
			isa = PBXGroup;
			children = (
				77799CD1FD064AA48A622890 /* Pods-ReserveNow.debug.xcconfig */,
				39F7EB5A43B1565E93153F68 /* Pods-ReserveNow.release.xcconfig */,
			);
			path = Pods;
			sourceTree = "<group>";
		};
		C8AB3FCA019F9DAFC603EAAE /* Frameworks */ = {
			isa = PBXGroup;
			children = (
				DDE97FB4AA29F2285B173D65 /* Pods_ReserveNow.framework */,
			);
			name = Frameworks;
			sourceTree = "<group>";
		};
		F201D17E2A6AC394009D848A /* NetworkManager */ = {
			isa = PBXGroup;
			children = (
				F201D18F2A6AC652009D848A /* APIResponseHandler.swift */,
				F201D1852A6AC4D7009D848A /* APIEnums.swift */,
				F201D17F2A6AC3AA009D848A /* ConnectionHandler.swift */,
				F201D1812A6AC3E0009D848A /* CacheHandler.swift */,
				F201D1872A6AC520009D848A /* APIResponseProtocol.swift */,
			);
			path = NetworkManager;
			sourceTree = "<group>";
		};
		F2064D922AB3437F0079BAAF /* Extensions */ = {
			isa = PBXGroup;
			children = (
				F2064D932AB343930079BAAF /* Codable + Extensions.swift */,
			);
			path = Extensions;
			sourceTree = "<group>";
		};
		F21ECA2C2A78D35300B8ED40 /* MainTabBar */ = {
			isa = PBXGroup;
			children = (
				F21ECA2D2A78D38000B8ED40 /* MainTabBarVC.swift */,
			);
			path = MainTabBar;
			sourceTree = "<group>";
		};
		F21ECA312A78DD1800B8ED40 /* Language */ = {
			isa = PBXGroup;
			children = (
				F21ECA322A78DD9800B8ED40 /* Language.swift */,
				F21ECA342A78DDC100B8ED40 /* LanguageProtocol.swift */,
				F21ECA362A78DE1900B8ED40 /* English.swift */,
				F21ECA382A78DE2300B8ED40 /* Arabic.swift */,
				F21ECA3A2A78DE2D00B8ED40 /* Tamil.swift */,
			);
			path = Language;
			sourceTree = "<group>";
		};
		F21ECA3C2A78E31D00B8ED40 /* TabbarItems */ = {
			isa = PBXGroup;
			children = (
				F27BE8642A7A60BD003A49D9 /* CellandXIB */,
				F21ECA4F2A792D6A00B8ED40 /* Views */,
				F21ECA4C2A792D5000B8ED40 /* ViewControllers */,
			);
			path = TabbarItems;
			sourceTree = "<group>";
		};
		F21ECA3F2A791ACA00B8ED40 /* Loaders */ = {
			isa = PBXGroup;
			children = (
				F21ECA422A79210200B8ED40 /* loader.gif */,
				F21ECA432A79210200B8ED40 /* loading.gif */,
				F21ECA442A79210200B8ED40 /* ripple.gif */,
			);
			path = Loaders;
			sourceTree = "<group>";
		};
		F21ECA4C2A792D5000B8ED40 /* ViewControllers */ = {
			isa = PBXGroup;
			children = (
				F21ECA3D2A78E34400B8ED40 /* ExploreVC.swift */,
				F2EC62062A7B7FC400C1D84D /* WelcomeVC.swift */,
				F2EC620A2A7B7FEE00C1D84D /* LoginVC.swift */,
				F21D25452A9F5D5900F4657B /* MenuVC.swift */,
			);
			path = ViewControllers;
			sourceTree = "<group>";
		};
		F21ECA4F2A792D6A00B8ED40 /* Views */ = {
			isa = PBXGroup;
			children = (
				F21ECA4D2A792D6400B8ED40 /* ExploreView.swift */,
				F2EC62082A7B7FD500C1D84D /* WelcomeVIew.swift */,
				F2EC620C2A7B7FFB00C1D84D /* LoginView.swift */,
				F21D25472A9F5DBA00F4657B /* MenuView.swift */,
			);
			path = Views;
			sourceTree = "<group>";
		};
		F241A6D429EE57380058C6DF = {
			isa = PBXGroup;
			children = (
				F24A43932A6FB13000F6120B /* GoogleService-Info.plist */,
				F241A6DF29EE57380058C6DF /* ReserveNow */,
				F241A6DE29EE57380058C6DF /* Products */,
				B5950F80A5D176963C8BE043 /* Pods */,
				C8AB3FCA019F9DAFC603EAAE /* Frameworks */,
			);
			sourceTree = "<group>";
		};
		F241A6DE29EE57380058C6DF /* Products */ = {
			isa = PBXGroup;
			children = (
				F241A6DD29EE57380058C6DF /* ReserveNow.app */,
			);
			name = Products;
			sourceTree = "<group>";
		};
		F241A6DF29EE57380058C6DF /* ReserveNow */ = {
			isa = PBXGroup;
			children = (
				F24927C12AA9C69C00D5BD3D /* Resources */,
				F2CC793F2AA99AD9005AA162 /* AuthManager */,
				F27BE8732A7A960A003A49D9 /* ConfigurationFiles */,
				F21ECA3C2A78E31D00B8ED40 /* TabbarItems */,
				F201D17E2A6AC394009D848A /* NetworkManager */,
				F247E6D52A12773400D0C91D /* CellAndXIBs */,
				F2BE9A5B29FA5C02003A4046 /* ViewModal */,
				F2BE9A5829FA5AE2003A4046 /* Modal */,
				F241A6F129EE57390058C6DF /* Info.plist */,
				F241A6F829EE57640058C6DF /* ViewControllers */,
				F241A6FB29EE579D0058C6DF /* Views */,
				F241A6FA29EE578D0058C6DF /* CoreData */,
				F241A6F929EE57710058C6DF /* StoryBoards */,
				F241A6F729EE57550058C6DF /* Common */,
			);
			path = ReserveNow;
			sourceTree = "<group>";
		};
		F241A6F729EE57550058C6DF /* Common */ = {
			isa = PBXGroup;
			children = (
				F28E0FAE2AB4315100F2C1D7 /* Helpers */,
				F2064D922AB3437F0079BAAF /* Extensions */,
				F2F3F5FB2AB1C9CB00C4E78C /* SocialLoginHandler */,
				F2EC620E2A7B815C00C1D84D /* CommonAlert */,
				F21ECA3F2A791ACA00B8ED40 /* Loaders */,
				F21ECA312A78DD1800B8ED40 /* Language */,
				F21ECA2C2A78D35300B8ED40 /* MainTabBar */,
				F241A6FC29EE57E20058C6DF /* Base */,
				F241A6EC29EE57390058C6DF /* Assets.xcassets */,
				F241A6E229EE57380058C6DF /* SceneDelegate.swift */,
				F241A6E029EE57380058C6DF /* AppDelegate.swift */,
				F241A70129EE58F10058C6DF /* ViewUX.swift */,
				F241A70329EE5C110058C6DF /* StoryBoardExtensions.swift */,
				F2869DB22A0E7F32003D6E6C /* LocationManager.swift */,
				F2869DB42A0E8039003D6E6C /* LocalStorage.swift */,
				F201D1832A6AC40F009D848A /* CodeHelpers.swift */,
				F201D1892A6AC586009D848A /* Constants.swift */,
				F201D18B2A6AC5BA009D848A /* PlistReader.swift */,
				F201D18D2A6AC5ED009D848A /* PlistKeys.swift */,
				F201D1912A6AC7D4009D848A /* Extensions.swift */,
				F2F116432A77C2BC00531FF7 /* PushNotificationManager.swift */,
				F2F116452A77C46700531FF7 /* NotificationEnum.swift */,
				F21ECA482A79230100B8ED40 /* SharedPreferances.swift */,
				F21ECA4A2A792D3B00B8ED40 /* StreachableHeaderView.swift */,
				F2EC62132A7B81FA00C1D84D /* CustomClasses.swift */,
				F2FCE6FD2A7D172500105359 /* Themes.swift */,
				F2FB9CF52A80C16500404662 /* SpinnerView.swift */,
				F2EC62152A7BE65500C1D84D /* TimelyEssential Code.swift */,
				F2064D912AB341BC0079BAAF /* Reserve-Bridging-Header.h */,
				F2D2D6662AA5C6F200A6B574 /* Restaurants.JSON */,
			);
			path = Common;
			sourceTree = "<group>";
		};
		F241A6F829EE57640058C6DF /* ViewControllers */ = {
			isa = PBXGroup;
			children = (
				F2F116472A77E98100531FF7 /* SpalashVC.swift */,
				F241A6E429EE57380058C6DF /* HomeVc.swift */,
				F2D7085729EFB9470034ED71 /* ReservationVc.swift */,
				F2D7085B29EFC6CD0034ED71 /* TimeSelectotVc.swift */,
				F247E6D12A1275B800D0C91D /* MapFilterVC.swift */,
				F2FB9CF12A80BB0B00404662 /* BookingDetailsVC.swift */,
				F2F0251D2AA88BBD00951621 /* OTPValidationVC.swift */,
				F2F025212AA895B700951621 /* UserInfoVC.swift */,
				F24927C62AA9C80300D5BD3D /* CountryListVC.swift */,
				F2B80CF62AB065CD007CF67B /* GetUserInfoVC.swift */,
				F2B33C5C2AB9B98100DBA7D0 /* ReserverveNowHomeVC.swift */,
			);
			path = ViewControllers;
			sourceTree = "<group>";
		};
		F241A6F929EE57710058C6DF /* StoryBoards */ = {
			isa = PBXGroup;
			children = (
				F241A6EE29EE57390058C6DF /* LaunchScreen.storyboard */,
				F241A6E629EE57380058C6DF /* Account.storyboard */,
				F21ECA2F2A78DB1C00B8ED40 /* TabBarItems.storyboard */,
			);
			path = StoryBoards;
			sourceTree = "<group>";
		};
		F241A6FA29EE578D0058C6DF /* CoreData */ = {
			isa = PBXGroup;
			children = (
				F241A6E929EE57380058C6DF /* ReserveNow.xcdatamodeld */,
			);
			path = CoreData;
			sourceTree = "<group>";
		};
		F241A6FB29EE579D0058C6DF /* Views */ = {
			isa = PBXGroup;
			children = (
				F2F116492A77E9F000531FF7 /* SplashView.swift */,
				F241A70529EE5D0C0058C6DF /* HomeView.swift */,
				F2D7085929EFBA7D0034ED71 /* ReservationView.swift */,
				F2D7085D29EFC77B0034ED71 /* TimeSelectorView.swift */,
				F247E6D32A12761E00D0C91D /* MapFilterView.swift */,
				F2FB9CF32A80BB2600404662 /* BookingDetailsView.swift */,
				F2F0251F2AA88BDB00951621 /* OTPValidationView.swift */,
				F2F025232AA895E100951621 /* UserInfoView.swift */,
				F2B80D042AB07F18007CF67B /* GetUserInfoView.swift */,
				F2C7959E2AB832E50080722A /* InstaProfileSpinner.swift */,
			);
			path = Views;
			sourceTree = "<group>";
		};
		F241A6FC29EE57E20058C6DF /* Base */ = {
			isa = PBXGroup;
			children = (
				F2BE9A5E29FA5C33003A4046 /* BaseViewModal.swift */,
				F241A6FD29EE57F50058C6DF /* BaseView.swift */,
				F241A6FF29EE58210058C6DF /* BaseViewController.swift */,
			);
			path = Base;
			sourceTree = "<group>";
		};
		F247E6D52A12773400D0C91D /* CellAndXIBs */ = {
			isa = PBXGroup;
			children = (
				F2B33C5E2AB9BA0000DBA7D0 /* HomeViews */,
				F247E6D62A12775300D0C91D /* MapFilterRoomCVC.swift */,
				F247E6D72A12775300D0C91D /* MapFilterRoomCVC.xib */,
				F2C795A02AB8332F0080722A /* ProfileVCV.swift */,
				F2C795A12AB8332F0080722A /* ProfileVCV.xib */,
			);
			path = CellAndXIBs;
			sourceTree = "<group>";
		};
		F24927C12AA9C69C00D5BD3D /* Resources */ = {
			isa = PBXGroup;
			children = (
				F24927C22AA9C6B200D5BD3D /* CallingCodes.plist */,
				F24927C42AA9C7B500D5BD3D /* CountryModal.swift */,
			);
			path = Resources;
			sourceTree = "<group>";
		};
		F27BE8642A7A60BD003A49D9 /* CellandXIB */ = {
			isa = PBXGroup;
			children = (
				F2F025262AA8A66B00951621 /* userInfoView */,
				F2F025182AA8884000951621 /* OTPview */,
				F2F025252AA8A64700951621 /* ExploreViiew */,
			);
			path = CellandXIB;
			sourceTree = "<group>";
		};
		F27BE8732A7A960A003A49D9 /* ConfigurationFiles */ = {
			isa = PBXGroup;
			children = (
				F27BE87A2A7A964D003A49D9 /* Reservenow_demo.xcconfig */,
				F27BE8762A7A9634003A49D9 /* Reservenow_live.xcconfig */,
			);
			path = ConfigurationFiles;
			sourceTree = "<group>";
		};
		F28E0FAE2AB4315100F2C1D7 /* Helpers */ = {
			isa = PBXGroup;
			children = (
				F2AF679A2ACEEC7F0046CF43 /* CommonResponseModel.swift */,
				F28E0FAF2AB4316400F2C1D7 /* GlobalVariables.swift */,
			);
			path = Helpers;
			sourceTree = "<group>";
		};
		F2B33C5E2AB9BA0000DBA7D0 /* HomeViews */ = {
			isa = PBXGroup;
			children = (
				F2B33C5F2AB9BA3A00DBA7D0 /* ServiceTileTVC.swift */,
				F2B33C602AB9BA3A00DBA7D0 /* ServiceTileTVC.xib */,
			);
			path = HomeViews;
			sourceTree = "<group>";
		};
		F2BE9A5829FA5AE2003A4046 /* Modal */ = {
			isa = PBXGroup;
			children = (
				F2BE9A5929FA5AF5003A4046 /* CommonModal.swift */,
				F24A43912A6FAD2300F6120B /* UploadJSON.swift */,
				F2064D8F2AB33F1D0079BAAF /* GlobalUserDataModal.swift */,
			);
			path = Modal;
			sourceTree = "<group>";
		};
		F2BE9A5B29FA5C02003A4046 /* ViewModal */ = {
			isa = PBXGroup;
			children = (
				F2BE9A5C29FA5C18003A4046 /* HomeViewModal.swift */,
			);
			path = ViewModal;
			sourceTree = "<group>";
		};
		F2CC793F2AA99AD9005AA162 /* AuthManager */ = {
			isa = PBXGroup;
			children = (
				F2CC79402AA99AF2005AA162 /* AuthManager.swift */,
			);
			path = AuthManager;
			sourceTree = "<group>";
		};
		F2EC620E2A7B815C00C1D84D /* CommonAlert */ = {
			isa = PBXGroup;
			children = (
				F2F23F252AAAE71D00B08BA0 /* ppopover */,
				F2EC620F2A7B818200C1D84D /* DeletePHIAlertview.swift */,
				F2EC62102A7B818200C1D84D /* DeletePHIAlertview.xib */,
			);
			path = CommonAlert;
			sourceTree = "<group>";
		};
		F2F025182AA8884000951621 /* OTPview */ = {
			isa = PBXGroup;
			children = (
				F2F0251A2AA8884B00951621 /* OTPView.swift */,
				F2F025192AA8884B00951621 /* OTPView.xib */,
			);
			path = OTPview;
			sourceTree = "<group>";
		};
		F2F025252AA8A64700951621 /* ExploreViiew */ = {
			isa = PBXGroup;
			children = (
				F27BE8652A7A60EE003A49D9 /* RestaurantsCVC.swift */,
				F27BE8662A7A60EE003A49D9 /* RestaurantsCVC.xib */,
				F27BE8692A7A6285003A49D9 /* CategoriesCVC.swift */,
				F27BE86A2A7A6285003A49D9 /* CategoriesCVC.xib */,
				F27BE86D2A7A8496003A49D9 /* HeaderTitle.swift */,
				F27BE86E2A7A8496003A49D9 /* HeaderTitle.xib */,
				F27BE8712A7A9037003A49D9 /* EmptyReusableView.swift */,
			);
			path = ExploreViiew;
			sourceTree = "<group>";
		};
		F2F025262AA8A66B00951621 /* userInfoView */ = {
			isa = PBXGroup;
			children = (
				F2F025272AA8A69800951621 /* userInfoTVC.swift */,
				F2F025282AA8A69800951621 /* userInfoTVC.xib */,
			);
			path = userInfoView;
			sourceTree = "<group>";
		};
		F2F23F252AAAE71D00B08BA0 /* ppopover */ = {
			isa = PBXGroup;
			children = (
				F2F23F262AAAE74700B08BA0 /* PopoverVC.swift */,
			);
			path = ppopover;
			sourceTree = "<group>";
		};
		F2F3F5FB2AB1C9CB00C4E78C /* SocialLoginHandler */ = {
			isa = PBXGroup;
			children = (
				F2F3F5FC2AB1CA4600C4E78C /* SigninHelpers.swift */,
				F2F3F5FD2AB1CA4600C4E78C /* SocialLoginHandler.swift */,
				F2F3F6002AB1DCB000C4E78C /* GooglePlistKeys.swift */,
				F2F3F6022AB1DF6600C4E78C /* KeychainItem.swift */,
			);
			path = SocialLoginHandler;
			sourceTree = "<group>";
		};
/* End PBXGroup section */

/* Begin PBXNativeTarget section */
		F241A6DC29EE57380058C6DF /* ReserveNow */ = {
			isa = PBXNativeTarget;
			buildConfigurationList = F241A6F429EE57390058C6DF /* Build configuration list for PBXNativeTarget "ReserveNow" */;
			buildPhases = (
				1BF8FB79788681A55C9C6B4F /* [CP] Check Pods Manifest.lock */,
				F241A6D929EE57380058C6DF /* Sources */,
				F241A6DA29EE57380058C6DF /* Frameworks */,
				F241A6DB29EE57380058C6DF /* Resources */,
				9D05D8120EC3B28E6F97483C /* [CP] Embed Pods Frameworks */,
			);
			buildRules = (
			);
			dependencies = (
			);
			name = ReserveNow;
			productName = ReserveNow;
			productReference = F241A6DD29EE57380058C6DF /* ReserveNow.app */;
			productType = "com.apple.product-type.application";
		};
/* End PBXNativeTarget section */

/* Begin PBXProject section */
		F241A6D529EE57380058C6DF /* Project object */ = {
			isa = PBXProject;
			attributes = {
				BuildIndependentTargetsInParallel = 1;
				LastSwiftUpdateCheck = 1420;
				LastUpgradeCheck = 1420;
				TargetAttributes = {
					F241A6DC29EE57380058C6DF = {
						CreatedOnToolsVersion = 14.2;
					};
				};
			};
			buildConfigurationList = F241A6D829EE57380058C6DF /* Build configuration list for PBXProject "ReserveNow" */;
			compatibilityVersion = "Xcode 13.0";
			developmentRegion = en;
			hasScannedForEncodings = 0;
			knownRegions = (
				en,
				Base,
			);
			mainGroup = F241A6D429EE57380058C6DF;
			productRefGroup = F241A6DE29EE57380058C6DF /* Products */;
			projectDirPath = "";
			projectRoot = "";
			targets = (
				F241A6DC29EE57380058C6DF /* ReserveNow */,
			);
		};
/* End PBXProject section */

/* Begin PBXResourcesBuildPhase section */
		F241A6DB29EE57380058C6DF /* Resources */ = {
			isa = PBXResourcesBuildPhase;
			buildActionMask = 2147483647;
			files = (
				F24927C32AA9C6B200D5BD3D /* CallingCodes.plist in Resources */,
				F2EC62122A7B818200C1D84D /* DeletePHIAlertview.xib in Resources */,
				F27BE87B2A7A964D003A49D9 /* Reservenow_demo.xcconfig in Resources */,
				F27BE8682A7A60EE003A49D9 /* RestaurantsCVC.xib in Resources */,
				F21ECA462A79210200B8ED40 /* loading.gif in Resources */,
				F21ECA452A79210200B8ED40 /* loader.gif in Resources */,
				F2B33C622AB9BA3A00DBA7D0 /* ServiceTileTVC.xib in Resources */,
				F21ECA472A79210200B8ED40 /* ripple.gif in Resources */,
				F2F0251B2AA8884B00951621 /* OTPView.xib in Resources */,
				F27BE8702A7A8497003A49D9 /* HeaderTitle.xib in Resources */,
				F247E6D92A12775300D0C91D /* MapFilterRoomCVC.xib in Resources */,
				F2F0252A2AA8A69800951621 /* userInfoTVC.xib in Resources */,
				F241A6F029EE57390058C6DF /* LaunchScreen.storyboard in Resources */,
				F27BE86C2A7A6285003A49D9 /* CategoriesCVC.xib in Resources */,
				F27BE8772A7A9634003A49D9 /* Reservenow_live.xcconfig in Resources */,
				F2C795A32AB8332F0080722A /* ProfileVCV.xib in Resources */,
				F21ECA302A78DB1C00B8ED40 /* TabBarItems.storyboard in Resources */,
				F241A6ED29EE57390058C6DF /* Assets.xcassets in Resources */,
				F241A6E829EE57380058C6DF /* Account.storyboard in Resources */,
				F24A43942A6FB13000F6120B /* GoogleService-Info.plist in Resources */,
			);
			runOnlyForDeploymentPostprocessing = 0;
		};
/* End PBXResourcesBuildPhase section */

/* Begin PBXShellScriptBuildPhase section */
		1BF8FB79788681A55C9C6B4F /* [CP] Check Pods Manifest.lock */ = {
			isa = PBXShellScriptBuildPhase;
			buildActionMask = 2147483647;
			files = (
			);
			inputFileListPaths = (
			);
			inputPaths = (
				"${PODS_PODFILE_DIR_PATH}/Podfile.lock",
				"${PODS_ROOT}/Manifest.lock",
			);
			name = "[CP] Check Pods Manifest.lock";
			outputFileListPaths = (
			);
			outputPaths = (
				"$(DERIVED_FILE_DIR)/Pods-ReserveNow-checkManifestLockResult.txt",
			);
			runOnlyForDeploymentPostprocessing = 0;
			shellPath = /bin/sh;
			shellScript = "diff \"${PODS_PODFILE_DIR_PATH}/Podfile.lock\" \"${PODS_ROOT}/Manifest.lock\" > /dev/null\nif [ $? != 0 ] ; then\n    # print error to STDERR\n    echo \"error: The sandbox is not in sync with the Podfile.lock. Run 'pod install' or update your CocoaPods installation.\" >&2\n    exit 1\nfi\n# This output is used by Xcode 'outputs' to avoid re-running this script phase.\necho \"SUCCESS\" > \"${SCRIPT_OUTPUT_FILE_0}\"\n";
			showEnvVarsInLog = 0;
		};
		9D05D8120EC3B28E6F97483C /* [CP] Embed Pods Frameworks */ = {
			isa = PBXShellScriptBuildPhase;
			buildActionMask = 2147483647;
			files = (
			);
			inputFileListPaths = (
				"${PODS_ROOT}/Target Support Files/Pods-ReserveNow/Pods-ReserveNow-frameworks-${CONFIGURATION}-input-files.xcfilelist",
			);
			name = "[CP] Embed Pods Frameworks";
			outputFileListPaths = (
				"${PODS_ROOT}/Target Support Files/Pods-ReserveNow/Pods-ReserveNow-frameworks-${CONFIGURATION}-output-files.xcfilelist",
			);
			runOnlyForDeploymentPostprocessing = 0;
			shellPath = /bin/sh;
			shellScript = "\"${PODS_ROOT}/Target Support Files/Pods-ReserveNow/Pods-ReserveNow-frameworks.sh\"\n";
			showEnvVarsInLog = 0;
		};
/* End PBXShellScriptBuildPhase section */

/* Begin PBXSourcesBuildPhase section */
		F241A6D929EE57380058C6DF /* Sources */ = {
			isa = PBXSourcesBuildPhase;
			buildActionMask = 2147483647;
			files = (
				F2AF679C2ACEEC7F0046CF43 /* CommonResponseModel.swift in Sources */,
				F2F025242AA895E100951621 /* UserInfoView.swift in Sources */,
				F27BE86B2A7A6285003A49D9 /* CategoriesCVC.swift in Sources */,
				F241A70629EE5D0C0058C6DF /* HomeView.swift in Sources */,
				F201D1882A6AC520009D848A /* APIResponseProtocol.swift in Sources */,
				F27BE8672A7A60EE003A49D9 /* RestaurantsCVC.swift in Sources */,
				F21ECA372A78DE1900B8ED40 /* English.swift in Sources */,
				F2FCE6FE2A7D172500105359 /* Themes.swift in Sources */,
				F2F0251C2AA8884B00951621 /* OTPView.swift in Sources */,
				F201D1862A6AC4D7009D848A /* APIEnums.swift in Sources */,
				F21ECA4E2A792D6400B8ED40 /* ExploreView.swift in Sources */,
				F2D2D6672AA5C6F200A6B574 /* Restaurants.JSON in Sources */,
				F2EC62092A7B7FD500C1D84D /* WelcomeVIew.swift in Sources */,
				F2FB9CF42A80BB2600404662 /* BookingDetailsView.swift in Sources */,
				F201D18E2A6AC5ED009D848A /* PlistKeys.swift in Sources */,
				F2F116482A77E98100531FF7 /* SpalashVC.swift in Sources */,
				F2C7959F2AB832E50080722A /* InstaProfileSpinner.swift in Sources */,
				F2F3F5FE2AB1CA4600C4E78C /* SigninHelpers.swift in Sources */,
				F21ECA332A78DD9800B8ED40 /* Language.swift in Sources */,
				F2869DB32A0E7F32003D6E6C /* LocationManager.swift in Sources */,
				F2FB9CF22A80BB0B00404662 /* BookingDetailsVC.swift in Sources */,
				F241A6E529EE57380058C6DF /* HomeVc.swift in Sources */,
				F247E6D82A12775300D0C91D /* MapFilterRoomCVC.swift in Sources */,
				F2D7085C29EFC6CD0034ED71 /* TimeSelectotVc.swift in Sources */,
				F2B80CF72AB065CD007CF67B /* GetUserInfoVC.swift in Sources */,
				F201D1822A6AC3E0009D848A /* CacheHandler.swift in Sources */,
				F241A6E129EE57380058C6DF /* AppDelegate.swift in Sources */,
				F24A43922A6FAD2300F6120B /* UploadJSON.swift in Sources */,
				F201D1902A6AC652009D848A /* APIResponseHandler.swift in Sources */,
				F2EC62162A7BE65500C1D84D /* TimelyEssential Code.swift in Sources */,
				F21ECA352A78DDC100B8ED40 /* LanguageProtocol.swift in Sources */,
				F247E6D22A1275B800D0C91D /* MapFilterVC.swift in Sources */,
				F2BE9A5F29FA5C33003A4046 /* BaseViewModal.swift in Sources */,
				F201D18C2A6AC5BA009D848A /* PlistReader.swift in Sources */,
				F2B33C5D2AB9B98100DBA7D0 /* ReserverveNowHomeVC.swift in Sources */,
				F2EC62142A7B81FA00C1D84D /* CustomClasses.swift in Sources */,
				F2D7085A29EFBA7D0034ED71 /* ReservationView.swift in Sources */,
				F2B33C612AB9BA3A00DBA7D0 /* ServiceTileTVC.swift in Sources */,
				F2C795A22AB8332F0080722A /* ProfileVCV.swift in Sources */,
				F2F025222AA895B700951621 /* UserInfoVC.swift in Sources */,
				F27BE86F2A7A8497003A49D9 /* HeaderTitle.swift in Sources */,
				F2F1164A2A77E9F000531FF7 /* SplashView.swift in Sources */,
				F201D1842A6AC40F009D848A /* CodeHelpers.swift in Sources */,
				F21ECA3E2A78E34400B8ED40 /* ExploreVC.swift in Sources */,
				F2F3F6012AB1DCB000C4E78C /* GooglePlistKeys.swift in Sources */,
				F2F3F5FF2AB1CA4600C4E78C /* SocialLoginHandler.swift in Sources */,
				F21D25462A9F5D5900F4657B /* MenuVC.swift in Sources */,
				F2F3F6032AB1DF6600C4E78C /* KeychainItem.swift in Sources */,
				F21ECA492A79230100B8ED40 /* SharedPreferances.swift in Sources */,
				F2064D942AB343930079BAAF /* Codable + Extensions.swift in Sources */,
				F2D7085E29EFC77B0034ED71 /* TimeSelectorView.swift in Sources */,
				F21ECA2E2A78D38000B8ED40 /* MainTabBarVC.swift in Sources */,
				F2F116442A77C2BC00531FF7 /* PushNotificationManager.swift in Sources */,
				F247E6D42A12761E00D0C91D /* MapFilterView.swift in Sources */,
				F2BE9A5A29FA5AF5003A4046 /* CommonModal.swift in Sources */,
				F27BE8722A7A9037003A49D9 /* EmptyReusableView.swift in Sources */,
				F2F116462A77C46700531FF7 /* NotificationEnum.swift in Sources */,
				F201D1922A6AC7D4009D848A /* Extensions.swift in Sources */,
				F2869DB52A0E8039003D6E6C /* LocalStorage.swift in Sources */,
				F21ECA392A78DE2300B8ED40 /* Arabic.swift in Sources */,
				F2B80D052AB07F18007CF67B /* GetUserInfoView.swift in Sources */,
				F24927C72AA9C80300D5BD3D /* CountryListVC.swift in Sources */,
				F2EC62112A7B818200C1D84D /* DeletePHIAlertview.swift in Sources */,
				F241A6FE29EE57F50058C6DF /* BaseView.swift in Sources */,
				F21ECA4B2A792D3B00B8ED40 /* StreachableHeaderView.swift in Sources */,
				F2BE9A5D29FA5C18003A4046 /* HomeViewModal.swift in Sources */,
				F2CC79412AA99AF2005AA162 /* AuthManager.swift in Sources */,
				F2064D902AB33F1D0079BAAF /* GlobalUserDataModal.swift in Sources */,
				F21D25482A9F5DBA00F4657B /* MenuView.swift in Sources */,
				F241A6E329EE57380058C6DF /* SceneDelegate.swift in Sources */,
				F241A6EB29EE57380058C6DF /* ReserveNow.xcdatamodeld in Sources */,
				F241A70029EE58210058C6DF /* BaseViewController.swift in Sources */,
				F241A70429EE5C110058C6DF /* StoryBoardExtensions.swift in Sources */,
				F2EC620B2A7B7FEE00C1D84D /* LoginVC.swift in Sources */,
				F241A70229EE58F10058C6DF /* ViewUX.swift in Sources */,
				F2EC620D2A7B7FFB00C1D84D /* LoginView.swift in Sources */,
				F2FB9CF62A80C16500404662 /* SpinnerView.swift in Sources */,
				F2F23F272AAAE74700B08BA0 /* PopoverVC.swift in Sources */,
				F201D1802A6AC3AA009D848A /* ConnectionHandler.swift in Sources */,
				F21ECA3B2A78DE2D00B8ED40 /* Tamil.swift in Sources */,
				F2EC62072A7B7FC400C1D84D /* WelcomeVC.swift in Sources */,
				F2D7085829EFB9470034ED71 /* ReservationVc.swift in Sources */,
				F2F025202AA88BDB00951621 /* OTPValidationView.swift in Sources */,
				F201D18A2A6AC586009D848A /* Constants.swift in Sources */,
				F2F025292AA8A69800951621 /* userInfoTVC.swift in Sources */,
				F28E0FB02AB4316400F2C1D7 /* GlobalVariables.swift in Sources */,
				F24927C52AA9C7B500D5BD3D /* CountryModal.swift in Sources */,
				F2F0251E2AA88BBD00951621 /* OTPValidationVC.swift in Sources */,
			);
			runOnlyForDeploymentPostprocessing = 0;
		};
/* End PBXSourcesBuildPhase section */

/* Begin PBXVariantGroup section */
		F241A6E629EE57380058C6DF /* Account.storyboard */ = {
			isa = PBXVariantGroup;
			children = (
				F241A6E729EE57380058C6DF /* Base */,
			);
			name = Account.storyboard;
			sourceTree = "<group>";
		};
		F241A6EE29EE57390058C6DF /* LaunchScreen.storyboard */ = {
			isa = PBXVariantGroup;
			children = (
				F241A6EF29EE57390058C6DF /* Base */,
			);
			name = LaunchScreen.storyboard;
			sourceTree = "<group>";
		};
/* End PBXVariantGroup section */

/* Begin XCBuildConfiguration section */
		F241A6F229EE57390058C6DF /* Debug */ = {
			isa = XCBuildConfiguration;
			buildSettings = {
				ALWAYS_SEARCH_USER_PATHS = NO;
				CLANG_ANALYZER_NONNULL = YES;
				CLANG_ANALYZER_NUMBER_OBJECT_CONVERSION = YES_AGGRESSIVE;
				CLANG_CXX_LANGUAGE_STANDARD = "gnu++20";
				CLANG_ENABLE_MODULES = YES;
				CLANG_ENABLE_OBJC_ARC = YES;
				CLANG_ENABLE_OBJC_WEAK = YES;
				CLANG_WARN_BLOCK_CAPTURE_AUTORELEASING = YES;
				CLANG_WARN_BOOL_CONVERSION = YES;
				CLANG_WARN_COMMA = YES;
				CLANG_WARN_CONSTANT_CONVERSION = YES;
				CLANG_WARN_DEPRECATED_OBJC_IMPLEMENTATIONS = YES;
				CLANG_WARN_DIRECT_OBJC_ISA_USAGE = YES_ERROR;
				CLANG_WARN_DOCUMENTATION_COMMENTS = YES;
				CLANG_WARN_EMPTY_BODY = YES;
				CLANG_WARN_ENUM_CONVERSION = YES;
				CLANG_WARN_INFINITE_RECURSION = YES;
				CLANG_WARN_INT_CONVERSION = YES;
				CLANG_WARN_NON_LITERAL_NULL_CONVERSION = YES;
				CLANG_WARN_OBJC_IMPLICIT_RETAIN_SELF = YES;
				CLANG_WARN_OBJC_LITERAL_CONVERSION = YES;
				CLANG_WARN_OBJC_ROOT_CLASS = YES_ERROR;
				CLANG_WARN_QUOTED_INCLUDE_IN_FRAMEWORK_HEADER = YES;
				CLANG_WARN_RANGE_LOOP_ANALYSIS = YES;
				CLANG_WARN_STRICT_PROTOTYPES = YES;
				CLANG_WARN_SUSPICIOUS_MOVE = YES;
				CLANG_WARN_UNGUARDED_AVAILABILITY = YES_AGGRESSIVE;
				CLANG_WARN_UNREACHABLE_CODE = YES;
				CLANG_WARN__DUPLICATE_METHOD_MATCH = YES;
				COPY_PHASE_STRIP = NO;
				DEBUG_INFORMATION_FORMAT = dwarf;
				ENABLE_STRICT_OBJC_MSGSEND = YES;
				ENABLE_TESTABILITY = YES;
				GCC_C_LANGUAGE_STANDARD = gnu11;
				GCC_DYNAMIC_NO_PIC = NO;
				GCC_NO_COMMON_BLOCKS = YES;
				GCC_OPTIMIZATION_LEVEL = 0;
				GCC_PREPROCESSOR_DEFINITIONS = (
					"DEBUG=1",
					"$(inherited)",
				);
				GCC_WARN_64_TO_32_BIT_CONVERSION = YES;
				GCC_WARN_ABOUT_RETURN_TYPE = YES_ERROR;
				GCC_WARN_UNDECLARED_SELECTOR = YES;
				GCC_WARN_UNINITIALIZED_AUTOS = YES_AGGRESSIVE;
				GCC_WARN_UNUSED_FUNCTION = YES;
				GCC_WARN_UNUSED_VARIABLE = YES;
				IPHONEOS_DEPLOYMENT_TARGET = 13.0;
				MTL_ENABLE_DEBUG_INFO = INCLUDE_SOURCE;
				MTL_FAST_MATH = YES;
				ONLY_ACTIVE_ARCH = YES;
				SDKROOT = iphoneos;
				SWIFT_ACTIVE_COMPILATION_CONDITIONS = DEBUG;
				SWIFT_OPTIMIZATION_LEVEL = "-Onone";
			};
			name = Debug;
		};
		F241A6F329EE57390058C6DF /* Release */ = {
			isa = XCBuildConfiguration;
			buildSettings = {
				ALWAYS_SEARCH_USER_PATHS = NO;
				CLANG_ANALYZER_NONNULL = YES;
				CLANG_ANALYZER_NUMBER_OBJECT_CONVERSION = YES_AGGRESSIVE;
				CLANG_CXX_LANGUAGE_STANDARD = "gnu++20";
				CLANG_ENABLE_MODULES = YES;
				CLANG_ENABLE_OBJC_ARC = YES;
				CLANG_ENABLE_OBJC_WEAK = YES;
				CLANG_WARN_BLOCK_CAPTURE_AUTORELEASING = YES;
				CLANG_WARN_BOOL_CONVERSION = YES;
				CLANG_WARN_COMMA = YES;
				CLANG_WARN_CONSTANT_CONVERSION = YES;
				CLANG_WARN_DEPRECATED_OBJC_IMPLEMENTATIONS = YES;
				CLANG_WARN_DIRECT_OBJC_ISA_USAGE = YES_ERROR;
				CLANG_WARN_DOCUMENTATION_COMMENTS = YES;
				CLANG_WARN_EMPTY_BODY = YES;
				CLANG_WARN_ENUM_CONVERSION = YES;
				CLANG_WARN_INFINITE_RECURSION = YES;
				CLANG_WARN_INT_CONVERSION = YES;
				CLANG_WARN_NON_LITERAL_NULL_CONVERSION = YES;
				CLANG_WARN_OBJC_IMPLICIT_RETAIN_SELF = YES;
				CLANG_WARN_OBJC_LITERAL_CONVERSION = YES;
				CLANG_WARN_OBJC_ROOT_CLASS = YES_ERROR;
				CLANG_WARN_QUOTED_INCLUDE_IN_FRAMEWORK_HEADER = YES;
				CLANG_WARN_RANGE_LOOP_ANALYSIS = YES;
				CLANG_WARN_STRICT_PROTOTYPES = YES;
				CLANG_WARN_SUSPICIOUS_MOVE = YES;
				CLANG_WARN_UNGUARDED_AVAILABILITY = YES_AGGRESSIVE;
				CLANG_WARN_UNREACHABLE_CODE = YES;
				CLANG_WARN__DUPLICATE_METHOD_MATCH = YES;
				COPY_PHASE_STRIP = NO;
				DEBUG_INFORMATION_FORMAT = "dwarf-with-dsym";
				ENABLE_NS_ASSERTIONS = NO;
				ENABLE_STRICT_OBJC_MSGSEND = YES;
				GCC_C_LANGUAGE_STANDARD = gnu11;
				GCC_NO_COMMON_BLOCKS = YES;
				GCC_WARN_64_TO_32_BIT_CONVERSION = YES;
				GCC_WARN_ABOUT_RETURN_TYPE = YES_ERROR;
				GCC_WARN_UNDECLARED_SELECTOR = YES;
				GCC_WARN_UNINITIALIZED_AUTOS = YES_AGGRESSIVE;
				GCC_WARN_UNUSED_FUNCTION = YES;
				GCC_WARN_UNUSED_VARIABLE = YES;
				IPHONEOS_DEPLOYMENT_TARGET = 13.0;
				MTL_ENABLE_DEBUG_INFO = NO;
				MTL_FAST_MATH = YES;
				SDKROOT = iphoneos;
				SWIFT_COMPILATION_MODE = wholemodule;
				SWIFT_OPTIMIZATION_LEVEL = "-O";
				VALIDATE_PRODUCT = YES;
			};
			name = Release;
		};
		F241A6F529EE57390058C6DF /* Debug */ = {
			isa = XCBuildConfiguration;
			baseConfigurationReference = 77799CD1FD064AA48A622890 /* Pods-ReserveNow.debug.xcconfig */;
			buildSettings = {
				ASSETCATALOG_COMPILER_APPICON_NAME = AppIcon;
				ASSETCATALOG_COMPILER_GLOBAL_ACCENT_COLOR_NAME = AccentColor;
				CODE_SIGN_STYLE = Automatic;
				CURRENT_PROJECT_VERSION = 1;
				DEVELOPMENT_TEAM = W89HL6566S;
				GENERATE_INFOPLIST_FILE = YES;
				INFOPLIST_FILE = ReserveNow/Info.plist;
				INFOPLIST_KEY_NSLocationWhenInUseUsageDescription = "App needs your device location access.";
				INFOPLIST_KEY_UIApplicationSupportsIndirectInputEvents = YES;
				INFOPLIST_KEY_UILaunchStoryboardName = LaunchScreen;
				INFOPLIST_KEY_UIMainStoryboardFile = "";
				INFOPLIST_KEY_UISupportedInterfaceOrientations_iPad = "UIInterfaceOrientationPortrait UIInterfaceOrientationPortraitUpsideDown UIInterfaceOrientationLandscapeLeft UIInterfaceOrientationLandscapeRight";
				INFOPLIST_KEY_UISupportedInterfaceOrientations_iPhone = "UIInterfaceOrientationPortrait UIInterfaceOrientationLandscapeLeft UIInterfaceOrientationLandscapeRight";
				LD_RUNPATH_SEARCH_PATHS = (
					"$(inherited)",
					"@executable_path/Frameworks",
				);
				MARKETING_VERSION = 1.0;
				PRODUCT_BUNDLE_IDENTIFIER = com.trionagle.custompods.ReserveNow;
				PRODUCT_NAME = "$(TARGET_NAME)";
				SWIFT_EMIT_LOC_STRINGS = YES;
				SWIFT_VERSION = 5.0;
				TARGETED_DEVICE_FAMILY = "1,2";
			};
			name = Debug;
		};
		F241A6F629EE57390058C6DF /* Release */ = {
			isa = XCBuildConfiguration;
			baseConfigurationReference = 39F7EB5A43B1565E93153F68 /* Pods-ReserveNow.release.xcconfig */;
			buildSettings = {
				ASSETCATALOG_COMPILER_APPICON_NAME = AppIcon;
				ASSETCATALOG_COMPILER_GLOBAL_ACCENT_COLOR_NAME = AccentColor;
				CODE_SIGN_STYLE = Automatic;
				CURRENT_PROJECT_VERSION = 1;
				DEVELOPMENT_TEAM = W89HL6566S;
				GENERATE_INFOPLIST_FILE = YES;
				INFOPLIST_FILE = ReserveNow/Info.plist;
				INFOPLIST_KEY_NSLocationWhenInUseUsageDescription = "App needs your device location access.";
				INFOPLIST_KEY_UIApplicationSupportsIndirectInputEvents = YES;
				INFOPLIST_KEY_UILaunchStoryboardName = LaunchScreen;
				INFOPLIST_KEY_UIMainStoryboardFile = "";
				INFOPLIST_KEY_UISupportedInterfaceOrientations_iPad = "UIInterfaceOrientationPortrait UIInterfaceOrientationPortraitUpsideDown UIInterfaceOrientationLandscapeLeft UIInterfaceOrientationLandscapeRight";
				INFOPLIST_KEY_UISupportedInterfaceOrientations_iPhone = "UIInterfaceOrientationPortrait UIInterfaceOrientationLandscapeLeft UIInterfaceOrientationLandscapeRight";
				LD_RUNPATH_SEARCH_PATHS = (
					"$(inherited)",
					"@executable_path/Frameworks",
				);
				MARKETING_VERSION = 1.0;
				PRODUCT_BUNDLE_IDENTIFIER = com.trionagle.custompods.ReserveNow;
				PRODUCT_NAME = "$(TARGET_NAME)";
				SWIFT_EMIT_LOC_STRINGS = YES;
				SWIFT_VERSION = 5.0;
				TARGETED_DEVICE_FAMILY = "1,2";
			};
			name = Release;
		};
/* End XCBuildConfiguration section */

/* Begin XCConfigurationList section */
		F241A6D829EE57380058C6DF /* Build configuration list for PBXProject "ReserveNow" */ = {
			isa = XCConfigurationList;
			buildConfigurations = (
				F241A6F229EE57390058C6DF /* Debug */,
				F241A6F329EE57390058C6DF /* Release */,
			);
			defaultConfigurationIsVisible = 0;
			defaultConfigurationName = Release;
		};
		F241A6F429EE57390058C6DF /* Build configuration list for PBXNativeTarget "ReserveNow" */ = {
			isa = XCConfigurationList;
			buildConfigurations = (
				F241A6F529EE57390058C6DF /* Debug */,
				F241A6F629EE57390058C6DF /* Release */,
			);
			defaultConfigurationIsVisible = 0;
			defaultConfigurationName = Release;
		};
/* End XCConfigurationList section */

/* Begin XCVersionGroup section */
		F241A6E929EE57380058C6DF /* ReserveNow.xcdatamodeld */ = {
			isa = XCVersionGroup;
			children = (
				F241A6EA29EE57380058C6DF /* ReserveNow.xcdatamodel */,
			);
			currentVersion = F241A6EA29EE57380058C6DF /* ReserveNow.xcdatamodel */;
			path = ReserveNow.xcdatamodeld;
			sourceTree = "<group>";
			versionGroupType = wrapper.xcdatamodel;
		};
/* End XCVersionGroup section */
	};
	rootObject = F241A6D529EE57380058C6DF /* Project object */;
}
